{
  "originHash" : "bdb111b3903c7ce45e16eb89a694c85e3eb85b425f3b6effeeb19f685e568522",
  "pins" : [
    {
      "identity" : "seatgeek-ios-sdk",
      "kind" : "remoteSourceControl",
      "location" : "https://github.com/seatgeek/seatgeek-ios-sdk",
      "state" : {
        "revision" : "4616175c3e23184cbda24bb05828b285fc28abe4",
        "version" : "5.2.0"
      }
    }
  ],
  "version" : 3
}
