{
  "originHash" : "bdb111b3903c7ce45e16eb89a694c85e3eb85b425f3b6effeeb19f685e568522",
  "pins" : [
    {
      "identity" : "seatgeek-ios-sdk",
      "kind" : "remoteSourceControl",
      "location" : "https://github.com/seatgeek/seatgeek-ios-sdk",
      "state" : {
        "revision" : "75ea634cdd9dc6452690fc799778699e0a9838ec",
        "version" : "4.7.0"
      }
    }
  ],
  "version" : 3
}
